// !$*UTF8*$!
{
	archiveVersion = 1;
	classes = {
	};
	objectVersion = 56;
	objects = {

/* Begin PBXBuildFile section */
		A0001 /* DXO24ControllerApp.swift in Sources */ = {isa = PBXBuildFile; fileRef = A0002 /* DXO24ControllerApp.swift */; };
		A0003 /* Models in Sources */ = {isa = PBXBuildFile; fileRef = A0004 /* Models */; };
		A0005 /* ViewModels in Sources */ = {isa = PBXBuildFile; fileRef = A0006 /* ViewModels */; };
		A0007 /* Views in Sources */ = {isa = PBXBuildFile; fileRef = A0008 /* Views */; };
		A0009 /* Services in Sources */ = {isa = PBXBuildFile; fileRef = A0010 /* Services */; };
		A0011 /* DesignSystem in Sources */ = {isa = PBXBuildFile; fileRef = A0012 /* DesignSystem */; };
/* End PBXBuildFile section */

/* Begin PBXFileReference section */
		A0002 /* DXO24ControllerApp.swift */ = {isa = PBXFileReference; path = DXO24ControllerApp.swift; sourceTree = "<group>"; };
		A0013 /* DXO24Controller.app */ = {isa = PBXFileReference; explicitFileType = wrapper.application; includeInIndex = 0; path = DXO24Controller.app; sourceTree = BUILT_PRODUCTS_DIR; };
/* End PBXFileReference section */

/* Begin PBXFrameworksBuildPhase section */
		A0014 /* Frameworks */ = {isa = PBXFrameworksBuildPhase; buildActionMask = 2147483647; files = (); runOnlyForDeploymentPostprocessing = 0; };
/* End PBXFrameworksBuildPhase section */

/* Begin PBXGroup section */
		A0015 = {isa = PBXGroup; children = (A0002 /* DXO24ControllerApp.swift */, A0004 /* Models */, A0006 /* ViewModels */, A0008 /* Views */, A0010 /* Services */, A0012 /* DesignSystem */); path = [...]
		A0004 /* Models */ = {isa = PBXGroup; children = (A0016 /* DXO24Device.swift */, A0017 /* EQBand.swift */, A0018 /* ExpertiseLevel.swift */, A0019 /* Preset.swift */, A0020 /* RoomParameters.swi[...]
		A0006 /* ViewModels */ = {isa = PBXGroup; children = (A0022 /* DeviceViewModel.swift */); path = ViewModels; sourceTree = "<group>"; };
		A0008 /* Views */ = {isa = PBXGroup; children = (A0023 /* CalibrationView.swift */, A0024 /* CalibrationWizard.swift */, A0025 /* ContentView.swift */, A0026 /* FrequencyResponseView.swift */, A[...]
		A0010 /* Services */ = {isa = PBXGroup; children = (A0030 /* CalculationService.swift */, A0031 /* Audio */, A0032 /* Communication */); path = Services; sourceTree = "<group>"; };
		A0012 /* DesignSystem */ = {isa = PBXGroup; children = (A0033 /* Core.swift */, A0034 /* Tokens.swift */); path = DesignSystem; sourceTree = "<group>"; };
		A0031 /* Audio */ = {isa = PBXGroup; children = (A0035 /* MeasurementEngine.swift */, A0036 /* MeasurementService.swift */); path = Audio; sourceTree = "<group>"; };
		A0032 /* Communication */ = {isa = PBXGroup; children = (A0037 /* CommunicationError.swift */, A0038 /* DXO24CommunicationProtocol.swift */, A0039 /* StubCommunication.swift */); path = Communic[...]
		A0040 = {isa = PBXGroup; children = (A0013 /* DXO24Controller.app */, A0015); name = DXO24Controller; sourceTree = "<group>"; };
/* End PBXGroup section */

/* Begin PBNativeTarget section */
		A0041 /* DXO24Controller */ = {isa = PBXNativeTarget; buildConfigurationList = A0042; buildPhases = (A0014 /* Frameworks */, A0043 /* Resources */, A0044 /* Sources */); buildRules = (); depende[...]
/* End PBNativeTarget section */

/* Begin PBXProject section */
		A0045 /* Project object */ = {isa = PBXProject; attributes = {BuildIndependentTargetsInParallel = 1; LastSwiftUpdateCheck = 1500; LastUpgradeCheck = 1500; }; buildConfigurationList = A0046; comp[...]
/* End PBXProject section */

/* Begin PBXResourcesBuildPhase section */
		A0043 /* Resources */ = {isa = PBXResourcesBuildPhase; buildActionMask = 2147483647; files = (); runOnlyForDeploymentPostprocessing = 0; };
/* End PBXResourcesBuildPhase section */

/* Begin PBXSourcesBuildPhase section */
		A0044 /* Sources */ = {isa = PBXSourcesBuildPhase; buildActionMask = 2147483647; files = (A0001 /* DXO24ControllerApp.swift in Sources */, A0003 /* Models in Sources */, A0005 /* ViewModels in S[...]
/* End PBXSourcesBuildPhase section */

/* Begin XCBuildConfiguration section */
		A0046 /* Debug */ = {isa = XCConfigurationList; buildConfigurations = (A0047 /* Debug */, A0048 /* Release */); defaultConfigurationIsVisible = 0; defaultConfigurationName = Release; };
		A0047 /* Debug */ = {isa = XCBuildConfiguration; buildSettings = {ALWAYS_SEARCH_USER_PATHS = NO; CLANG_ENABLE_MODULES = YES; COPY_PHASE_STRIP = NO; DEBUG_INFO[...]
		A0048 /* Release */ = {isa = XCBuildConfiguration; buildSettings = {ALWAYS_SEARCH_USER_PATHS = NO; CLANG_ENABLE_MODULES = YES; COPY_PHASE_STRIP = NO; DEBUG_IN[...]
		A0049 /* Project */ = {isa = XCConfigurationList; buildConfigurations = (A0047 /* Debug */, A0048 /* Release */); defaultConfigurationIsVisible = 0; defaultConfigurationName = Release; };
/* End XCBuildConfiguration section */

	};
	rootObject = A0045 /* Project object */;
}
