// !$*UTF8*$!
{
	archiveVersion = 1;
	classes = {
	};
	objectVersion = 56;
	objects = {

/* Begin PBXBuildFile section */
		1 /* DXO24ControllerApp.swift in Sources */ = {isa = PBXBuildFile; fileRef = 2 /* DXO24ControllerApp.swift */; };
		3 /* DXO24Device.swift in Sources */ = {isa = PBXBuildFile; fileRef = 4 /* DXO24Device.swift */; };
		5 /* EQBand.swift in Sources */ = {isa = PBXBuildFile; fileRef = 6 /* EQBand.swift */; };
		7 /* ExpertiseLevel.swift in Sources */ = {isa = PBXBuildFile; fileRef = 8 /* ExpertiseLevel.swift */; };
		9 /* Preset.swift in Sources */ = {isa = PBXBuildFile; fileRef = 10 /* Preset.swift */; };
		11 /* RoomParameters.swift in Sources */ = {isa = PBXBuildFile; fileRef = 12 /* RoomParameters.swift */; };
		13 /* SpeakerModel.swift in Sources */ = {isa = PBXBuildFile; fileRef = 14 /* SpeakerModel.swift */; };
		15 /* FilterDesign.swift in Sources */ = {isa = PBXBuildFile; fileRef = 16 /* FilterDesign.swift */; };
		17 /* MeasurementEngine.swift in Sources */ = {isa = PBXBuildFile; fileRef = 18 /* MeasurementEngine.swift */; };
		19 /* MeasurementService.swift in Sources */ = {isa = PBXBuildFile; fileRef = 20 /* MeasurementService.swift */; };
		21 /* AsciiCommandEncoder.swift in Sources */ = {isa = PBXBuildFile; fileRef = 22 /* AsciiCommandEncoder.swift */; };
		23 /* RealCommunication.swift in Sources */ = {isa = PBXBuildFile; fileRef = 24 /* RealCommunication.swift */; };
		25 /* StubCommunication.swift in Sources */ = {isa = PBXBuildFile; fileRef = 26 /* StubCommunication.swift */; };
		27 /* SerialPort.swift in Sources */ = {isa = PBXBuildFile; fileRef = 28 /* SerialPort.swift */; };
		29 /* DXO24CommunicationProtocol.swift in Sources */ = {isa = PBXBuildFile; fileRef = 30 /* DXO24CommunicationProtocol.swift */; };
		31 /* CommunicationError.swift in Sources */ = {isa = PBXBuildFile; fileRef = 32 /* CommunicationError.swift */; };
		33 /* ASCIICommunication.swift in Sources */ = {isa = PBXBuildFile; fileRef = 34 /* ASCIICommunication.swift */; };
		35 /* CommunicationMode.swift in Sources */ = {isa = PBXBuildFile; fileRef = 36 /* CommunicationMode.swift */; };
		37 /* DeviceDiscovery.swift in Sources */ = {isa = PBXBuildFile; fileRef = 38 /* DeviceDiscovery.swift */; };
		39 /* CalibrationView.swift in Sources */ = {isa = PBXBuildFile; fileRef = 40 /* CalibrationView.swift */; };
		41 /* CalibrationWizardView.swift in Sources */ = {isa = PBXBuildFile; fileRef = 42 /* CalibrationWizardView.swift */; };
		43 /* ContentView.swift in Sources */ = {isa = PBXBuildFile; fileRef = 44 /* ContentView.swift */; };
		45 /* FFTAnalyzerView.swift in Sources */ = {isa = PBXBuildFile; fileRef = 46 /* FFTAnalyzerView.swift */; };
		47 /* FrequencyResponseView.swift in Sources */ = {isa = PBXBuildFile; fileRef = 48 /* FrequencyResponseView.swift */; };
		49 /* InfoCard.swift in Sources */ = {isa = PBXBuildFile; fileRef = 50 /* InfoCard.swift */; };
		51 /* ParametersView.swift in Sources */ = {isa = PBXBuildFile; fileRef = 52 /* ParametersView.swift */; };
		53 /* PresetsView.swift in Sources */ = {isa = PBXBuildFile; fileRef = 54 /* PresetsView.swift */; };
		55 /* MeasurementsView.swift in Sources */ = {isa = PBXBuildFile; fileRef = 56 /* MeasurementsView.swift */; };
		57 /* ThemeToggle.swift in Sources */ = {isa = PBXBuildFile; fileRef = 58 /* ThemeToggle.swift */; };
		59 /* WelcomeTourView.swift in Sources */ = {isa = PBXBuildFile; fileRef = 60 /* WelcomeTourView.swift */; };
		61 /* AmplifierView.swift in Sources */ = {isa = PBXBuildFile; fileRef = 62 /* AmplifierView.swift */; };
		63 /* RoomPlannerView.swift in Sources */ = {isa = PBXBuildFile; fileRef = 64 /* RoomPlannerView.swift */; };
		65 /* DeviceViewModel.swift in Sources */ = {isa = PBXBuildFile; fileRef = 66 /* DeviceViewModel.swift */; };
		67 /* KeyboardShortcuts.swift in Sources */ = {isa = PBXBuildFile; fileRef = 68 /* KeyboardShortcuts.swift */; };
		69 /* OnboardingService.swift in Sources */ = {isa = PBXBuildFile; fileRef = 70 /* OnboardingService.swift */; };
		71 /* CalculationService.swift in Sources */ = {isa = PBXBuildFile; fileRef = 72 /* CalculationService.swift */; };

/* Begin PBXFileReference section */
		2 /* DXO24ControllerApp.swift */ = {isa = PBXFileReference; fileRefType = "source.swift"; name = "DXO24ControllerApp.swift"; path = "DXO24ControllerApp.swift"; sourceTree = "<group>"; };
		4 /* DXO24Device.swift */ = {isa = PBXFileReference; fileRefType = "source.swift"; name = "DXO24Device.swift"; path = "Models/DXO24Device.swift"; sourceTree = "<group>"; };
		6 /* EQBand.swift */ = {isa = PBXFileReference; fileRefType = "source.swift"; name = "EQBand.swift"; path = "Models/EQBand.swift"; sourceTree = "<group>"; };
		8 /* ExpertiseLevel.swift */ = {isa = PBXFileReference; fileRefType = "source.swift"; name = "ExpertiseLevel.swift"; path = "Models/ExpertiseLevel.swift"; sourceTree = "<group>"; };
		10 /* Preset.swift */ = {isa = PBXFileReference; fileRefType = "source.swift"; name = "Preset.swift"; path = "Models/Preset.swift"; sourceTree = "<group>"; };
		12 /* RoomParameters.swift */ = {isa = PBXFileReference; fileRefType = "source.swift"; name = "RoomParameters.swift"; path = "Models/RoomParameters.swift"; sourceTree = "<group>"; };
		14 /* SpeakerModel.swift */ = {isa = PBXFileReference; fileRefType = "source.swift"; name = "SpeakerModel.swift"; path = "Models/SpeakerModel.swift"; sourceTree = "<group>"; };
		16 /* FilterDesign.swift */ = {isa = PBXFileReference; fileRefType = "source.swift"; name = "FilterDesign.swift"; path = "Services/Audio/FilterDesign.swift"; sourceTree = "<group>"; };
		18 /* MeasurementEngine.swift */ = {isa = PBXFileReference; fileRefType = "source.swift"; name = "MeasurementEngine.swift"; path = "Services/Audio/MeasurementEngine.swift"; sourceTree = "<group>"; };
		20 /* MeasurementService.swift */ = {isa = PBXFileReference; fileRefType = "source.swift"; name = "MeasurementService.swift"; path = "Services/Audio/MeasurementService.swift"; sourceTree = "<group>"; };
		22 /* AsciiCommandEncoder.swift */ = {isa = PBXFileReference; fileRefType = "source.swift"; name = "AsciiCommandEncoder.swift"; path = "Services/Communication/AsciiCommandEncoder.swift"; sourceTree = "<group>"; };
		24 /* RealCommunication.swift */ = {isa = PBXFileReference; fileRefType = "source.swift"; name = "RealCommunication.swift"; path = "Services/Communication/RealCommunication.swift"; sourceTree = "<group>"; };
		26 /* StubCommunication.swift */ = {isa = PBXFileReference; fileRefType = "source.swift"; name = "StubCommunication.swift"; path = "Services/Communication/StubCommunication.swift"; sourceTree = "<group>"; };
		28 /* SerialPort.swift */ = {isa = PBXFileReference; fileRefType = "source.swift"; name = "SerialPort.swift"; path = "Services/Communication/SerialPort.swift"; sourceTree = "<group>"; };
		30 /* DXO24CommunicationProtocol.swift */ = {isa = PBXFileReference; fileRefType = "source.swift"; name = "DXO24CommunicationProtocol.swift"; path = "Services/Communication/DXO24CommunicationProtocol.swift"; sourceTree = "<group>"; };
		32 /* CommunicationError.swift */ = {isa = PBXFileReference; fileRefType = "source.swift"; name = "CommunicationError.swift"; path = "Services/Communication/CommunicationError.swift"; sourceTree = "<group>"; };
		34 /* ASCIICommunication.swift */ = {isa = PBXFileReference; fileRefType = "source.swift"; name = "ASCIICommunication.swift"; path = "Services/Communication/ASCIICommunication.swift"; sourceTree = "<group>"; };
		36 /* CommunicationMode.swift */ = {isa = PBXFileReference; fileRefType = "source.swift"; name = "CommunicationMode.swift"; path = "Services/Communication/CommunicationMode.swift"; sourceTree = "<group>"; };
		38 /* DeviceDiscovery.swift */ = {isa = PBXFileReference; fileRefType = "source.swift"; name = "DeviceDiscovery.swift"; path = "Services/Communication/DeviceDiscovery.swift"; sourceTree = "<group>"; };
		40 /* CalibrationView.swift */ = {isa = PBXFileReference; fileRefType = "source.swift"; name = "CalibrationView.swift"; path = "Views/CalibrationView.swift"; sourceTree = "<group>"; };
		42 /* CalibrationWizardView.swift */ = {isa = PBXFileReference; fileRefType = "source.swift"; name = "CalibrationWizardView.swift"; path = "Views/CalibrationWizardView.swift"; sourceTree = "<group>"; };
		44 /* ContentView.swift */ = {isa = PBXFileReference; fileRefType = "source.swift"; name = "ContentView.swift"; path = "Views/ContentView.swift"; sourceTree = "<group>"; };
		46 /* FFTAnalyzerView.swift */ = {isa = PBXFileReference; fileRefType = "source.swift"; name = "FFTAnalyzerView.swift"; path = "Views/FFTAnalyzerView.swift"; sourceTree = "<group>"; };
		48 /* FrequencyResponseView.swift */ = {isa = PBXFileReference; fileRefType = "source.swift"; name = "FrequencyResponseView.swift"; path = "Views/FrequencyResponseView.swift"; sourceTree = "<group>"; };
		50 /* InfoCard.swift */ = {isa = PBXFileReference; fileRefType = "source.swift"; name = "InfoCard.swift"; path = "Views/InfoCard.swift"; sourceTree = "<group>"; };
		52 /* ParametersView.swift */ = {isa = PBXFileReference; fileRefType = "source.swift"; name = "ParametersView.swift"; path = "Views/ParametersView.swift"; sourceTree = "<group>"; };
		54 /* PresetsView.swift */ = {isa = PBXFileReference; fileRefType = "source.swift"; name = "PresetsView.swift"; path = "Views/PresetsView.swift"; sourceTree = "<group>"; };
		56 /* MeasurementsView.swift */ = {isa = PBXFileReference; fileRefType = "source.swift"; name = "MeasurementsView.swift"; path = "Views/MeasurementsView.swift"; sourceTree = "<group>"; };
		58 /* ThemeToggle.swift */ = {isa = PBXFileReference; fileRefType = "source.swift"; name = "ThemeToggle.swift"; path = "Views/ThemeToggle.swift"; sourceTree = "<group>"; };
		60 /* WelcomeTourView.swift */ = {isa = PBXFileReference; fileRefType = "source.swift"; name = "WelcomeTourView.swift"; path = "Views/WelcomeTourView.swift"; sourceTree = "<group>"; };
		62 /* AmplifierView.swift */ = {isa = PBXFileReference; fileRefType = "source.swift"; name = "AmplifierView.swift"; path = "Views/AmplifierView.swift"; sourceTree = "<group>"; };
		64 /* RoomPlannerView.swift */ = {isa = PBXFileReference; fileRefType = "source.swift"; name = "RoomPlannerView.swift"; path = "Views/RoomPlannerView.swift"; sourceTree = "<group>"; };
		66 /* DeviceViewModel.swift */ = {isa = PBXFileReference; fileRefType = "source.swift"; name = "DeviceViewModel.swift"; path = "ViewModels/DeviceViewModel.swift"; sourceTree = "<group>"; };
		68 /* KeyboardShortcuts.swift */ = {isa = PBXFileReference; fileRefType = "source.swift"; name = "KeyboardShortcuts.swift"; path = "ViewModels/KeyboardShortcuts.swift"; sourceTree = "<group>"; };
		70 /* OnboardingService.swift */ = {isa = PBXFileReference; fileRefType = "source.swift"; name = "OnboardingService.swift"; path = "ViewModels/OnboardingService.swift"; sourceTree = "<group>"; };
		72 /* CalculationService.swift */ = {isa = PBXFileReference; fileRefType = "source.swift"; name = "CalculationService.swift"; path = "Services/CalculationService.swift"; sourceTree = "<group>"; };
		81 /* DXO24Controller.app */ = {isa = PBXFileReference; explicitFileType = "wrapper.application"; includeInIndex = 0; path = "DXO24Controller.app"; sourceTree = BUILT_PRODUCTS_DIR; };

/* Begin PBXGroup section */
		83 /* Group */ = {isa = PBXGroup; children = (2, 84); path = ""; sourceTree = "<group>"; };
		84 /* Source Files */ = {isa = PBXGroup; 
			children = (4,6,8,10,12,14,16,18,20,22,24,26,28,30,32,34,36,38,40,42,44,46,48,50,52,54,56,58,60,62,64,66,68,70,72);
			path = "Source Files"; 
			sourceTree = "<group>"; 
		};

/* Begin PBXNativeTarget section */
		92 /* DXO24Controller */ = {isa = PBXNativeTarget; 
			buildConfigurationList = 93; 
			buildPhases = (94, 95, 96); 
			buildRules = (); 
			dependencies = (); 
			name = "DXO24Controller"; 
			productName = "DXO24Controller"; 
			productReference = 81; 
			productType = "com.apple.product-type.application"; 
		};

/* Begin PBXProject section */
		99 /* Project object */ = {isa = PBXProject; 
			attributes = { BuildIndependentTargetsInParallel = 1; LastSwiftUpdateCheck = 1500; LastUpgradeCheck = 1500; }; 
			buildConfigurationList = 93; 
			compatibilityVersion = "Xcode 14.0"; 
			developmentRegion = "en"; 
			hasScannedForEncodings = 0; 
			knownRegions = ("en", "Base"); 
			mainGroup = 83; 
			productRefGroup = 81; 
			projectDirPath = ""; 
			projectRoot = ""; 
			targets = (92); 
		};

/* Begin PBXBuildConfigurationList section */
		93 = {isa = PBXBuildConfigurationList; buildConfigs = (100, 101); };
		100 = {isa = XCBuildConfiguration; buildSettings = {ARCHS="x86_64 arm64"; INFOPLIST_FILE="DXO24Controller/Info.plist"; PRODUCT_BUNDLE_IDENTIFIER="com.yourcompany.dxo24controller"; PRODUCT_NAME="DXO24Controller"; SDKROOT="macosx"; SWIFT_VERSION="5.0"}; };
		101 = {isa = XCBuildConfiguration; buildSettings = {ARCHS="x86_64 arm64"; INFOPLIST_FILE="DXO24Controller/Info.plist"; PRODUCT_BUNDLE_IDENTIFIER="com.yourcompany.dxo24controller"; PRODUCT_NAME="DXO24Controller"; SDKROOT="macosx"; SWIFT_VERSION="5.0"}; };

/* Begin PBXSourcesBuildPhase section */
		94 = {isa = PBXSourcesBuildPhase; buildActionMask=2147483647; files=(1,3,5,7,9,11,13,15,17,19,21,23,25,27,29,31,33,35,37,39,41,43,45,47,49,51,53,55,57,59,61,63,65,67,69,71); runOnlyForDeploymentPostprocessing=0; };

/* Begin PBXResourcesBuildPhase section */
		95 = {isa = PBXResourcesBuildPhase; buildActionMask=2147483647; files=(); runOnlyForDeploymentPostprocessing=0; };

/* Begin PBXFrameworksBuildPhase section */
		96 = {isa = PBXFrameworksBuildPhase; buildActionMask=2147483647; files=(); runOnlyForDeploymentPostprocessing=0; };

/* End of File */
	}
}