// !$*UTF8*$!
{
	archiveVersion = 1;
	classes = {
	};
	objectVersion = 56;
	objects = {

/* Begin PBXBuildFile section */
		A00001 /* DXO24ControllerApp.swift in Sources */ = {isa = PBXBuildFile; fileRef = A00002 /* DXO24ControllerApp.swift */; };
		A00003 /* DeviceViewModel.swift in Sources */ = {isa = PBXBuildFile; fileRef = A00004 /* DeviceViewModel.swift */; };
		A00005 /* ContentView.swift in Sources */ = {isa = PBXBuildFile; fileRef = A00006 /* ContentView.swift */; };
		A00007 /* SerialCommunicationService.swift in Sources */ = {isa = PBXBuildFile; fileRef = A00008 /* SerialCommunicationService.swift */; };
		A0000B /* DXO24CommunicationProtocol.swift in Sources */ = {isa = PBXBuildFile; fileRef = A0000C /* DXO24CommunicationProtocol.swift */; };
		A0000D /* StubCommunication.swift in Sources */ = {isa = PBXBuildFile; fileRef = A0000E /* StubCommunication.swift */; };
		A0000F /* CommunicationError.swift in Sources */ = {isa = PBXBuildFile; fileRef = A00010 /* CommunicationError.swift */; };
		A00020 /* DeviceViewModel+Undo.swift in Sources */ = {isa = PBXBuildFile; fileRef = A00021 /* DeviceViewModel+Undo.swift */; };
		A00022 /* CalibrationView.swift in Sources */ = {isa = PBXBuildFile; fileRef = A00023 /* CalibrationView.swift */; };
		A00024 /* CalibrationWizard.swift in Sources */ = {isa = PBXBuildFile; fileRef = A00025 /* CalibrationWizard.swift */; };
		A00028 /* FrequencyResponseView.swift in Sources */ = {isa = PBXBuildFile; fileRef = A00029 /* FrequencyResponseView.swift */; };
		A0002A /* ParametersView.swift in Sources */ = {isa = PBXBuildFile; fileRef = A0002B /* ParametersView.swift */; };
		A0002C /* PresetsView.swift in Sources */ = {isa = PBXBuildFile; fileRef = A0002D /* PresetsView.swift */; };
		A0002E /* InfoCard.swift in Sources */ = {isa = PBXBuildFile; fileRef = A0002F /* InfoCard.swift */; };
		A00030 /* CalculationService.swift in Sources */ = {isa = PBXBuildFile; fileRef = A00031 /* CalculationService.swift */; };
		A00032 /* MeasurementEngine.swift in Sources */ = {isa = PBXBuildFile; fileRef = A00033 /* MeasurementEngine.swift */; };
		A00034 /* MeasurementService.swift in Sources */ = {isa = PBXBuildFile; fileRef = A00035 /* MeasurementService.swift */; };
		A00036 /* PresetService.swift in Sources */ = {isa = PBXBuildFile; fileRef = A00037 /* PresetService.swift */; };
		A00038 /* Core.swift in Sources */ = {isa = PBXBuildFile; fileRef = A00039 /* Core.swift */; };
		A0003A /* Tokens.swift in Sources */ = {isa = PBXBuildFile; fileRef = A0003B /* Tokens.swift */; };
		A0003C /* DXO24Device.swift in Sources */ = {isa = PBXBuildFile; fileRef = A0003D /* DXO24Device.swift */; };
		A0003E /* EQBand.swift in Sources */ = {isa = PBXBuildFile; fileRef = A0003F /* EQBand.swift */; };
		A00040 /* ExpertiseLevel.swift in Sources */ = {isa = PBXBuildFile; fileRef = A00041 /* ExpertiseLevel.swift */; };
		A00042 /* Preset.swift in Sources */ = {isa = PBXBuildFile; fileRef = A00043 /* Preset.swift */; };
		A00044 /* RoomParameters.swift in Sources */ = {isa = PBXBuildFile; fileRef = A00045 /* RoomParameters.swift */; };
		A00046 /* SpeakerModel.swift in Sources */ = {isa = PBXBuildFile; fileRef = A00047 /* SpeakerModel.swift */; };
/* End PBXBuildFile section */

/* Begin PBXFileReference section */
		A00002 /* DXO24ControllerApp.swift */ = {isa = PBXFileReference; lastKnownFileType = sourcecode.swift.source; path = DXO24ControllerApp.swift; sourceTree = SOURCE_ROOT; };
		A00004 /* DeviceViewModel.swift */ = {isa = PBXFileReference; lastKnownFileType = sourcecode.swift.source; path = ViewModels/DeviceViewModel.swift; sourceTree = SOURCE_ROOT; };
		A00006 /* ContentView.swift */ = {isa = PBXFileReference; lastKnownFileType = sourcecode.swift.source; path = Views/ContentView.swift; sourceTree = SOURCE_ROOT; };
		A00008 /* SerialCommunicationService.swift */ = {isa = PBXFileReference; lastKnownFileType = sourcecode.swift.source; path = Services/SerialCommunicationService.swift; sourceTree = SOURCE_ROOT; };
		A0000C /* DXO24CommunicationProtocol.swift */ = {isa = PBXFileReference; lastKnownFileType = sourcecode.swift.source; path = Services/Communication/DXO24CommunicationProtocol.swift; sourceTree = SOURCE_ROOT; };
		A0000E /* StubCommunication.swift */ = {isa = PBXFileReference; lastKnownFileType = sourcecode.swift.source; path = Services/Communication/StubCommunication.swift; sourceTree = SOURCE_ROOT; };
		A00010 /* CommunicationError.swift */ = {isa = PBXFileReference; lastKnownFileType = sourcecode.swift.source; path = Services/Communication/CommunicationError.swift; sourceTree = SOURCE_ROOT; };
		A00021 /* DeviceViewModel+Undo.swift */ = {isa = PBXFileReference; lastKnownFileType = sourcecode.swift.source; path = ViewModels/DeviceViewModel+Undo.swift; sourceTree = SOURCE_ROOT; };
		A00023 /* CalibrationView.swift */ = {isa = PBXFileReference; lastKnownFileType = sourcecode.swift.source; path = Views/CalibrationView.swift; sourceTree = SOURCE_ROOT; };
		A00025 /* CalibrationWizard.swift */ = {isa = PBXFileReference; lastKnownFileType = sourcecode.swift.source; path = Views/CalibrationWizard.swift; sourceTree = SOURCE_ROOT; };
		A00029 /* FrequencyResponseView.swift */ = {isa = PBXFileReference; lastKnownFileType = sourcecode.swift.source; path = Views/FrequencyResponseView.swift; sourceTree = SOURCE_ROOT; };
		A0002B /* ParametersView.swift */ = {isa = PBXFileReference; lastKnownFileType = sourcecode.swift.source; path = Views/ParametersView.swift; sourceTree = SOURCE_ROOT; };
		A0002D /* PresetsView.swift */ = {isa = PBXFileReference; lastKnownFileType = sourcecode.swift.source; path = Views/PresetsView.swift; sourceTree = SOURCE_ROOT; };
		A0002F /* InfoCard.swift */ = {isa = PBXFileReference; lastKnownFileType = sourcecode.swift.source; path = Views/Components/InfoCard.swift; sourceTree = SOURCE_ROOT; };
		A00031 /* CalculationService.swift */ = {isa = PBXFileReference; lastKnownFileType = sourcecode.swift.source; path = Services/CalculationService.swift; sourceTree = SOURCE_ROOT; };
		A00033 /* MeasurementEngine.swift */ = {isa = PBXFileReference; lastKnownFileType = sourcecode.swift.source; path = Services/Audio/MeasurementEngine.swift; sourceTree = SOURCE_ROOT; };
		A00035 /* MeasurementService.swift */ = {isa = PBXFileReference; lastKnownFileType = sourcecode.swift.source; path = Services/Audio/MeasurementService.swift; sourceTree = SOURCE_ROOT; };
		A00037 /* PresetService.swift */ = {isa = PBXFileReference; lastKnownFileType = sourcecode.swift.source; path = Services/PresetService.swift; sourceTree = SOURCE_ROOT; };
		A00039 /* Core.swift */ = {isa = PBXFileReference; lastKnownFileType = sourcecode.swift.source; path = DesignSystem/Core.swift; sourceTree = SOURCE_ROOT; };
		A0003B /* Tokens.swift */ = {isa = PBXFileReference; lastKnownFileType = sourcecode.swift.source; path = DesignSystem/Tokens.swift; sourceTree = SOURCE_ROOT; };
		A0003D /* DXO24Device.swift */ = {isa = PBXFileReference; lastKnownFileType = sourcecode.swift.source; path = Models/DXO24Device.swift; sourceTree = SOURCE_ROOT; };
		A0003F /* EQBand.swift */ = {isa = PBXFileReference; lastKnownFileType = sourcecode.swift.source; path = Models/EQBand.swift; sourceTree = SOURCE_ROOT; };
		A00041 /* ExpertiseLevel.swift */ = {isa = PBXFileReference; lastKnownFileType = sourcecode.swift.source; path = Models/ExpertiseLevel.swift; sourceTree = SOURCE_ROOT; };
		A00043 /* Preset.swift */ = {isa = PBXFileReference; lastKnownFileType = sourcecode.swift.source; path = Models/Preset.swift; sourceTree = SOURCE_ROOT; };
		A00045 /* RoomParameters.swift */ = {isa = PBXFileReference; lastKnownFileType = sourcecode.swift.source; path = Models/RoomParameters.swift; sourceTree = SOURCE_ROOT; };
		A00047 /* SpeakerModel.swift */ = {isa = PBXFileReference; lastKnownFileType = sourcecode.swift.source; path = Models/SpeakerModel.swift; sourceTree = SOURCE_ROOT; };
		A00011 /* DXO24Controller.app */ = {isa = PBXFileReference; explicitFileType = wrapper.application; includeInIndex = 0; path = DXO24Controller.app; sourceTree = BUILT_PRODUCTS_DIR; };
/* End PBXFileReference section */

/* Begin PBXFrameworksBuildPhase section */
		A00012 /* Frameworks */ = {isa = PBXFrameworksBuildPhase; buildActionMask = 2147483647; files = (); runOnlyForDeploymentPostprocessing = 0; };
/* End PBXFrameworksBuildPhase section */

/* Begin PBXGroup section */
		A00013 = {isa = PBXGroup; children = (A00014, A00015); sourceTree = "<group>"; };
		A00014 = {isa = PBXGroup; children = (A00002, A00004, A00006, A00008, A0000C, A0000E, A00010, A00021, A00023, A00025, A00029, A0002B, A0002D, A0002F, A00031, A00033, A00035, A00037, A00039, A0003B, A0003D, A0003F, A00041, A00043, A00045, A00047); name = Sources; sourceTree = SOURCE_ROOT; };
		A00015 = {isa = PBXGroup; children = (A00011); name = Products; sourceTree = "<group>"; };
/* End PBXGroup section */

/* Begin PBXNativeTarget section */
		A00016 /* DXO24Controller */ = {isa = PBXNativeTarget; buildConfigurationList = A00017; buildPhases = (A00018, A00012, A00019); buildRules = (); dependencies = (); name = DXO24Controller; productName = DXO24Controller; productReference = A00011 /* DXO24Controller.app */; productType = "com.apple.product-type.application"; };
/* End PBXNativeTarget section */

/* Begin PBXProject section */
		A0001A /* Project object */ = {isa = PBXProject; attributes = {BuildIndependentTargetsInParallel = 1; LastSwiftUpdateCheck = 1500; LastUpgradeCheck = 1500; TargetAttributes = {A00016 = {CreatedOnToolsVersion = 15.0; }; }; }; buildConfigurationList = A0001B; classes = {}; classPrefix = ""; objectVersion = 56; paths = (); projectDirPath = ""; projectRoot = ""; targets = (A00016); };
/* End PBXProject section */

/* Begin PBXResourcesBuildPhase section */
		A00019 /* Resources */ = {isa = PBXResourcesBuildPhase; buildActionMask = 2147483647; files = (); runOnlyForDeploymentPostprocessing = 0; };
/* End PBXResourcesBuildPhase section */

/* Begin PBXShellScriptBuildPhase section */
/* End PBXShellScriptBuildPhase section */

/* Begin PBXSourcesBuildPhase section */
		A00018 /* Sources */ = {isa = PBXSourcesBuildPhase; buildActionMask = 2147483647; files = (A00001, A00003, A00005, A00007, A0000B, A0000D, A0000F, A00020, A00022, A00024, A00028, A0002A, A0002C, A0002E, A00030, A00032, A00034, A00036, A00038, A0003A, A0003C, A0003E, A00040, A00042, A00044, A00046); runOnlyForDeploymentPostprocessing = 0; };
/* End PBXSourcesBuildPhase section */

/* Begin XCBuildConfiguration section */
		A0001C /* Debug */ = {isa = XCBuildConfiguration; buildSettings = {ALWAYS_SEARCH_USER_PATHS = NO; CLANG_ANALYZER_NONNULL = YES; CLANG_ANALYZER_NUMBER_OBJECT_CONVERSION = YES_AGGRESSIVE; CLANG_CXX_LANGUAGE_DIALECT = "gnu++20"; CLANG_CXX_LIBRARY = "libc++"; CLANG_ENABLE_MODULES = YES; CLANG_ENABLE_OBJC_ARC = YES; CLANG_WARN_BLOCK_CAPTURE_AUTORELEASING = YES; CLANG_WARN_BOOL_CONVERSION = YES; CLANG_WARN_COMMA = YES; CLANG_WARN_CONSTANT_CONVERSION = YES; CLANG_WARN_DEPRECATED_OBJC_IMPLEMENTATIONS = YES; CLANG_WARN_DIRECT_OBJC_ISA_USAGE = YES_ERROR; CLANG_WARN_DOCUMENTATION_COMMENTS = YES; CLANG_WARN_EMPTY_BODY = YES; CLANG_WARN_ENUM_CONVERSION = YES; CLANG_WARN_INFINITE_RECURSION = YES; CLANG_WARN_INT_CONVERSION = YES; CLANG_WARN_NON_LITERAL_NULL_CONVERSION = YES; CLANG_WARN_OBJC_IMPLICIT_RETAIN_SELF = YES; CLANG_WARN_OBJC_LITERAL_CONVERSION = YES; CLANG_WARN_OBJC_ROOT_CLASS = YES_ERROR; CLANG_WARN_QUOTED_INCLUDE_IN_FRAMEWORK_HEADER = YES; CLANG_WARN_RANGE_LOOP_ANALYSIS = YES; CLANG_WARN_STRICT_PROTOTYPES = YES; CLANG_WARN_SUSPICIOUS_MOVE = YES; CLANG_WARN_SUSPICIOUS_MOVES = YES; CLANG_WARN_UNREACHABLE_CODE = YES; CLANG_WARN__DUPLICATE_METHOD_MATCH = YES; COPY_PHASE_STRIP = NO; CPP_HEADER_SEARCH_PATHS = ""; DEBUG_INFORMATION_FORMAT = dwarf; ENABLE_STRICT_OBJC_MSGSEND = YES; ENABLE_TESTABILITY = YES; GCC_C_LANGUAGE_DIALECT = gnu99; GCC_DYNAMIC_NO_PIC = NO; GCC_NO_COMMON_BLOCKS = YES; GCC_OPTIMIZATION_LEVEL = 0; GCC_PREPROCESSOR_DEFINITIONS = "DEBUG=1"; GCC_WARN_64_TO_32_BIT_CONVERSION = YES; GCC_WARN_ABOUT_RETURN_TYPE = YES_ERROR; GCC_WARN_UNDECLARED_SELECTOR = YES; GCC_WARN_UNINITIALIZED_AUTOS = YES_AGGRESSIVE; GCC_WARN_UNUSED_FUNCTION = YES; GCC_WARN_UNUSED_VARIABLE = YES; MACOSX_DEPLOYMENT_TARGET = 13.0; MTL_ENABLE_DEBUG_INFO = INCLUDE_SOURCE; MTL_FAST_MATH = YES; ONLY_ACTIVE_ARCH = YES; SDKROOT = macosx; SWIFT_ACTIVE_COMPILATION_CONDITIONS = DEBUG; SWIFT_OPTIMIZATION_LEVEL = "-Onone"; SWIFT_VERSION = 5.0; }; name = Debug; };
		A0001D /* Release */ = {isa = XCBuildConfiguration; buildSettings = {ALWAYS_SEARCH_USER_PATHS = NO; CLANG_ANALYZER_NONNULL = YES; CLANG_ANALYZER_NUMBER_OBJECT_CONVERSION = YES_AGGRESSIVE; CLANG_CXX_LANGUAGE_DIALECT = "gnu++20"; CLANG_CXX_LIBRARY = "libc++"; CLANG_ENABLE_MODULES = YES; CLANG_ENABLE_OBJC_ARC = YES; CLANG_WARN_BLOCK_CAPTURE_AUTORELEASING = YES; CLANG_WARN_BOOL_CONVERSION = YES; CLANG_WARN_COMMA = YES; CLANG_WARN_CONSTANT_CONVERSION = YES; CLANG_WARN_DEPRECATED_OBJC_IMPLEMENTATIONS = YES; CLANG_WARN_DIRECT_OBJC_ISA_USAGE = YES_ERROR; CLANG_WARN_DOCUMENTATION_COMMENTS = YES; CLANG_WARN_EMPTY_BODY = YES; CLANG_WARN_ENUM_CONVERSION = YES; CLANG_WARN_INFINITE_RECURSION = YES; CLANG_WARN_INT_CONVERSION = YES; CLANG_WARN_NON_LITERAL_NULL_CONVERSION = YES; CLANG_WARN_OBJC_IMPLICIT_RETAIN_SELF = YES; CLANG_WARN_OBJC_LITERAL_CONVERSION = YES; CLANG_WARN_OBJC_ROOT_CLASS = YES_ERROR; CLANG_WARN_QUOTED_INCLUDE_IN_FRAMEWORK_HEADER = YES; CLANG_WARN_RANGE_LOOP_ANALYSIS = YES; CLANG_WARN_STRICT_PROTOTYPES = YES; CLANG_WARN_SUSPICIOUS_MOVE = YES; CLANG_WARN_SUSPICIOUS_MOVES = YES; CLANG_WARN_UNREACHABLE_CODE = YES; CLANG_WARN__DUPLICATE_METHOD_MATCH = YES; COPY_PHASE_STRIP = NO; CPP_HEADER_SEARCH_PATHS = ""; DEBUG_INFORMATION_FORMAT = "dwarf-with-dsym"; ENABLE_NS_ASSERTIONS = NO; ENABLE_STRICT_OBJC_MSGSEND = YES; ENABLE_TESTABILITY = NO; GCC_C_LANGUAGE_DIALECT = gnu99; GCC_NO_COMMON_BLOCKS = YES; GCC_OPTIMIZATION_LEVEL = s; GCC_PREPROCESSOR_DEFINITIONS = ""; GCC_WARN_64_TO_32_BIT_CONVERSION = YES; GCC_WARN_ABOUT_RETURN_TYPE = YES_ERROR; GCC_WARN_UNDECLARED_SELECTOR = YES; GCC_WARN_UNINITIALIZED_AUTOS = YES_AGGRESSIVE; GCC_WARN_UNUSED_FUNCTION = YES; GCC_WARN_UNUSED_VARIABLE = YES; MACOSX_DEPLOYMENT_TARGET = 13.0; MTL_ENABLE_DEBUG_INFO = NO; MTL_FAST_MATH = YES; SDKROOT = macosx; STRIP_INSTALLED_PRODUCT = YES; SWIFT_COMPILATION_MODE = wholemodule; SWIFT_OPTIMIZATION_LEVEL = "-O"; SWIFT_VERSION = 5.0; }; name = Release; };
		A0001E /* Debug */ = {isa = XCBuildConfiguration; buildSettings = {CODE_SIGN_IDENTITY = "-"; CODE_SIGN_STYLE = Automatic; COMBINE_HIDPI_IMAGES = YES; CURRENT_PROJECT_VERSION = 1; DEVELOPMENT_TEAM = ""; ENABLE_HARDENED_RUNTIME = YES; GENERATE_INFOPLIST_FILE = NO; INFOPLIST_FILE = DXO24Controller/Info.plist; INFOPLIST_KEY_NSHumanReadableCopyright = ""; INFOPLIST_KEY_NSMainStoryboardFile = ""; INFOPLIST_KEY_NSPrincipalClass = ""; MACOSX_DEPLOYMENT_TARGET = 13.0; MARKETING_VERSION = 1.0; PRODUCT_BUNDLE_IDENTIFIER = com.example.DXO24Controller; PRODUCT_NAME = "$(TARGET_NAME)"; PROVISIONING_PROFILE_SPECIFIER = ""; SWIFT_EMIT_LOC_STRINGS = YES; SWIFT_OBJC_BRIDGING_HEADER = ""; SWIFT_VERSION = 5.0; }; name = Debug; };
		A0001F /* Release */ = {isa = XCBuildConfiguration; buildSettings = {CODE_SIGN_IDENTITY = "-"; CODE_SIGN_STYLE = Automatic; COMBINE_HIDPI_IMAGES = YES; CURRENT_PROJECT_VERSION = 1; DEVELOPMENT_TEAM = ""; ENABLE_HARDENED_RUNTIME = YES; GENERATE_INFOPLIST_FILE = NO; INFOPLIST_FILE = DXO24Controller/Info.plist; INFOPLIST_KEY_NSHumanReadableCopyright = ""; INFOPLIST_KEY_NSMainStoryboardFile = ""; INFOPLIST_KEY_NSPrincipalClass = ""; MACOSX_DEPLOYMENT_TARGET = 13.0; MARKETING_VERSION = 1.0; PRODUCT_BUNDLE_IDENTIFIER = com.example.DXO24Controller; PRODUCT_NAME = "$(TARGET_NAME)"; PROVISIONING_PROFILE_SPECIFIER = ""; SWIFT_EMIT_LOC_STRINGS = YES; SWIFT_OBJC_BRIDGING_HEADER = ""; SWIFT_VERSION = 5.0; }; name = Release; };
/* End XCBuildConfiguration section */

/* Begin XCConfigurationList section */
		A0001B /* Build Configuration List for PBXProject "DXO24Controller" */ = {isa = XCConfigurationList; buildConfigurations = (A0001C, A0001D); defaultConfigurationIsVisible = 0; defaultConfigurationName = Release; };
		A00017 /* Build Configuration List for PBXNativeTarget "DXO24Controller" */ = {isa = XCConfigurationList; buildConfigurations = (A0001E, A0001F); defaultConfigurationIsVisible = 0; defaultConfigurationName = Release; };
/* End XCConfigurationList section */

	};
	rootObject = A0001A /* Project object */;
}
